
Microsoft Visual Studio Solution File, Format Version 12.00
# Visual Studio 14
VisualStudioVersion = 14.0.25420.1
MinimumVisualStudioVersion = 10.0.40219.1
Project("{FAE04EC0-301F-11D3-BF4B-00C04F79EFBC}") = "NapsterSampleApp.Droid", "NapsterSampleApp\NapsterSampleApp.Droid\NapsterSampleApp.Droid.csproj", "{173935CC-6E96-467A-B51A-822E066DB3E8}"
EndProject
Project("{FAE04EC0-301F-11D3-BF4B-00C04F79EFBC}") = "NapsterSampleApp.iOS", "NapsterSampleApp\NapsterSampleApp.iOS\NapsterSampleApp.iOS.csproj", "{5E4C7DD5-189D-43C0-A713-3A6E98554FAC}"
EndProject
Project("{FAE04EC0-301F-11D3-BF4B-00C04F79EFBC}") = "NapsterSampleApp.UWP", "NapsterSampleApp\NapsterSampleApp.UWP\NapsterSampleApp.UWP.csproj", "{CE97FE66-94BC-4D5A-AF0E-C26A7C515F63}"
EndProject
Project("{FAE04EC0-301F-11D3-BF4B-00C04F79EFBC}") = "NapsterSampleApp", "NapsterSampleApp\NapsterSampleApp\NapsterSampleApp.csproj", "{65C94337-13CE-42B7-A5C8-05ECB38E6C42}"
EndProject
Project("{FAE04EC0-301F-11D3-BF4B-00C04F79EFBC}") = "StreamingRxNapster", "StreamingRxNapster\StreamingRxNapster.csproj", "{F2D80B2E-74E4-4BD0-BC2E-84D7820F8D62}"
EndProject
Global
	GlobalSection(SolutionConfigurationPlatforms) = preSolution
		Ad-Hoc|Any CPU = Ad-Hoc|Any CPU
		Ad-Hoc|ARM = Ad-Hoc|ARM
		Ad-Hoc|iPhone = Ad-Hoc|iPhone
		Ad-Hoc|iPhoneSimulator = Ad-Hoc|iPhoneSimulator
		Ad-Hoc|x64 = Ad-Hoc|x64
		Ad-Hoc|x86 = Ad-Hoc|x86
		AppStore|Any CPU = AppStore|Any CPU
		AppStore|ARM = AppStore|ARM
		AppStore|iPhone = AppStore|iPhone
		AppStore|iPhoneSimulator = AppStore|iPhoneSimulator
		AppStore|x64 = AppStore|x64
		AppStore|x86 = AppStore|x86
		Debug|Any CPU = Debug|Any CPU
		Debug|ARM = Debug|ARM
		Debug|iPhone = Debug|iPhone
		Debug|iPhoneSimulator = Debug|iPhoneSimulator
		Debug|x64 = Debug|x64
		Debug|x86 = Debug|x86
		Release|Any CPU = Release|Any CPU
		Release|ARM = Release|ARM
		Release|iPhone = Release|iPhone
		Release|iPhoneSimulator = Release|iPhoneSimulator
		Release|x64 = Release|x64
		Release|x86 = Release|x86
	EndGlobalSection
	GlobalSection(ProjectConfigurationPlatforms) = postSolution
		{173935CC-6E96-467A-B51A-822E066DB3E8}.Ad-Hoc|Any CPU.ActiveCfg = Release|Any CPU
		{173935CC-6E96-467A-B51A-822E066DB3E8}.Ad-Hoc|Any CPU.Build.0 = Release|Any CPU
		{173935CC-6E96-467A-B51A-822E066DB3E8}.Ad-Hoc|Any CPU.Deploy.0 = Release|Any CPU
		{173935CC-6E96-467A-B51A-822E066DB3E8}.Ad-Hoc|ARM.ActiveCfg = Release|Any CPU
		{173935CC-6E96-467A-B51A-822E066DB3E8}.Ad-Hoc|ARM.Build.0 = Release|Any CPU
		{173935CC-6E96-467A-B51A-822E066DB3E8}.Ad-Hoc|ARM.Deploy.0 = Release|Any CPU
		{173935CC-6E96-467A-B51A-822E066DB3E8}.Ad-Hoc|iPhone.ActiveCfg = Release|Any CPU
		{173935CC-6E96-467A-B51A-822E066DB3E8}.Ad-Hoc|iPhone.Build.0 = Release|Any CPU
		{173935CC-6E96-467A-B51A-822E066DB3E8}.Ad-Hoc|iPhone.Deploy.0 = Release|Any CPU
		{173935CC-6E96-467A-B51A-822E066DB3E8}.Ad-Hoc|iPhoneSimulator.ActiveCfg = Release|Any CPU
		{173935CC-6E96-467A-B51A-822E066DB3E8}.Ad-Hoc|iPhoneSimulator.Build.0 = Release|Any CPU
		{173935CC-6E96-467A-B51A-822E066DB3E8}.Ad-Hoc|iPhoneSimulator.Deploy.0 = Release|Any CPU
		{173935CC-6E96-467A-B51A-822E066DB3E8}.Ad-Hoc|x64.ActiveCfg = Release|Any CPU
		{173935CC-6E96-467A-B51A-822E066DB3E8}.Ad-Hoc|x64.Build.0 = Release|Any CPU
		{173935CC-6E96-467A-B51A-822E066DB3E8}.Ad-Hoc|x64.Deploy.0 = Release|Any CPU
		{173935CC-6E96-467A-B51A-822E066DB3E8}.Ad-Hoc|x86.ActiveCfg = Release|Any CPU
		{173935CC-6E96-467A-B51A-822E066DB3E8}.Ad-Hoc|x86.Build.0 = Release|Any CPU
		{173935CC-6E96-467A-B51A-822E066DB3E8}.Ad-Hoc|x86.Deploy.0 = Release|Any CPU
		{173935CC-6E96-467A-B51A-822E066DB3E8}.AppStore|Any CPU.ActiveCfg = Release|Any CPU
		{173935CC-6E96-467A-B51A-822E066DB3E8}.AppStore|Any CPU.Build.0 = Release|Any CPU
		{173935CC-6E96-467A-B51A-822E066DB3E8}.AppStore|Any CPU.Deploy.0 = Release|Any CPU
		{173935CC-6E96-467A-B51A-822E066DB3E8}.AppStore|ARM.ActiveCfg = Release|Any CPU
		{173935CC-6E96-467A-B51A-822E066DB3E8}.AppStore|ARM.Build.0 = Release|Any CPU
		{173935CC-6E96-467A-B51A-822E066DB3E8}.AppStore|ARM.Deploy.0 = Release|Any CPU
		{173935CC-6E96-467A-B51A-822E066DB3E8}.AppStore|iPhone.ActiveCfg = Release|Any CPU
		{173935CC-6E96-467A-B51A-822E066DB3E8}.AppStore|iPhone.Build.0 = Release|Any CPU
		{173935CC-6E96-467A-B51A-822E066DB3E8}.AppStore|iPhone.Deploy.0 = Release|Any CPU
		{173935CC-6E96-467A-B51A-822E066DB3E8}.AppStore|iPhoneSimulator.ActiveCfg = Release|Any CPU
		{173935CC-6E96-467A-B51A-822E066DB3E8}.AppStore|iPhoneSimulator.Build.0 = Release|Any CPU
		{173935CC-6E96-467A-B51A-822E066DB3E8}.AppStore|iPhoneSimulator.Deploy.0 = Release|Any CPU
		{173935CC-6E96-467A-B51A-822E066DB3E8}.AppStore|x64.ActiveCfg = Release|Any CPU
		{173935CC-6E96-467A-B51A-822E066DB3E8}.AppStore|x64.Build.0 = Release|Any CPU
		{173935CC-6E96-467A-B51A-822E066DB3E8}.AppStore|x64.Deploy.0 = Release|Any CPU
		{173935CC-6E96-467A-B51A-822E066DB3E8}.AppStore|x86.ActiveCfg = Release|Any CPU
		{173935CC-6E96-467A-B51A-822E066DB3E8}.AppStore|x86.Build.0 = Release|Any CPU
		{173935CC-6E96-467A-B51A-822E066DB3E8}.AppStore|x86.Deploy.0 = Release|Any CPU
		{173935CC-6E96-467A-B51A-822E066DB3E8}.Debug|Any CPU.ActiveCfg = Debug|Any CPU
		{173935CC-6E96-467A-B51A-822E066DB3E8}.Debug|Any CPU.Build.0 = Debug|Any CPU
		{173935CC-6E96-467A-B51A-822E066DB3E8}.Debug|Any CPU.Deploy.0 = Debug|Any CPU
		{173935CC-6E96-467A-B51A-822E066DB3E8}.Debug|ARM.ActiveCfg = Debug|Any CPU
		{173935CC-6E96-467A-B51A-822E066DB3E8}.Debug|ARM.Build.0 = Debug|Any CPU
		{173935CC-6E96-467A-B51A-822E066DB3E8}.Debug|ARM.Deploy.0 = Debug|Any CPU
		{173935CC-6E96-467A-B51A-822E066DB3E8}.Debug|iPhone.ActiveCfg = Debug|Any CPU
		{173935CC-6E96-467A-B51A-822E066DB3E8}.Debug|iPhone.Build.0 = Debug|Any CPU
		{173935CC-6E96-467A-B51A-822E066DB3E8}.Debug|iPhone.Deploy.0 = Debug|Any CPU
		{173935CC-6E96-467A-B51A-822E066DB3E8}.Debug|iPhoneSimulator.ActiveCfg = Debug|Any CPU
		{173935CC-6E96-467A-B51A-822E066DB3E8}.Debug|iPhoneSimulator.Build.0 = Debug|Any CPU
		{173935CC-6E96-467A-B51A-822E066DB3E8}.Debug|iPhoneSimulator.Deploy.0 = Debug|Any CPU
		{173935CC-6E96-467A-B51A-822E066DB3E8}.Debug|x64.ActiveCfg = Debug|Any CPU
		{173935CC-6E96-467A-B51A-822E066DB3E8}.Debug|x64.Build.0 = Debug|Any CPU
		{173935CC-6E96-467A-B51A-822E066DB3E8}.Debug|x64.Deploy.0 = Debug|Any CPU
		{173935CC-6E96-467A-B51A-822E066DB3E8}.Debug|x86.ActiveCfg = Debug|Any CPU
		{173935CC-6E96-467A-B51A-822E066DB3E8}.Debug|x86.Build.0 = Debug|Any CPU
		{173935CC-6E96-467A-B51A-822E066DB3E8}.Debug|x86.Deploy.0 = Debug|Any CPU
		{173935CC-6E96-467A-B51A-822E066DB3E8}.Release|Any CPU.ActiveCfg = Release|Any CPU
		{173935CC-6E96-467A-B51A-822E066DB3E8}.Release|Any CPU.Build.0 = Release|Any CPU
		{173935CC-6E96-467A-B51A-822E066DB3E8}.Release|Any CPU.Deploy.0 = Release|Any CPU
		{173935CC-6E96-467A-B51A-822E066DB3E8}.Release|ARM.ActiveCfg = Release|Any CPU
		{173935CC-6E96-467A-B51A-822E066DB3E8}.Release|ARM.Build.0 = Release|Any CPU
		{173935CC-6E96-467A-B51A-822E066DB3E8}.Release|ARM.Deploy.0 = Release|Any CPU
		{173935CC-6E96-467A-B51A-822E066DB3E8}.Release|iPhone.ActiveCfg = Release|Any CPU
		{173935CC-6E96-467A-B51A-822E066DB3E8}.Release|iPhone.Build.0 = Release|Any CPU
		{173935CC-6E96-467A-B51A-822E066DB3E8}.Release|iPhone.Deploy.0 = Release|Any CPU
		{173935CC-6E96-467A-B51A-822E066DB3E8}.Release|iPhoneSimulator.ActiveCfg = Release|Any CPU
		{173935CC-6E96-467A-B51A-822E066DB3E8}.Release|iPhoneSimulator.Build.0 = Release|Any CPU
		{173935CC-6E96-467A-B51A-822E066DB3E8}.Release|iPhoneSimulator.Deploy.0 = Release|Any CPU
		{173935CC-6E96-467A-B51A-822E066DB3E8}.Release|x64.ActiveCfg = Release|Any CPU
		{173935CC-6E96-467A-B51A-822E066DB3E8}.Release|x64.Build.0 = Release|Any CPU
		{173935CC-6E96-467A-B51A-822E066DB3E8}.Release|x64.Deploy.0 = Release|Any CPU
		{173935CC-6E96-467A-B51A-822E066DB3E8}.Release|x86.ActiveCfg = Release|Any CPU
		{173935CC-6E96-467A-B51A-822E066DB3E8}.Release|x86.Build.0 = Release|Any CPU
		{173935CC-6E96-467A-B51A-822E066DB3E8}.Release|x86.Deploy.0 = Release|Any CPU
		{5E4C7DD5-189D-43C0-A713-3A6E98554FAC}.Ad-Hoc|Any CPU.ActiveCfg = Ad-Hoc|iPhone
		{5E4C7DD5-189D-43C0-A713-3A6E98554FAC}.Ad-Hoc|ARM.ActiveCfg = Ad-Hoc|iPhone
		{5E4C7DD5-189D-43C0-A713-3A6E98554FAC}.Ad-Hoc|iPhone.ActiveCfg = Ad-Hoc|iPhone
		{5E4C7DD5-189D-43C0-A713-3A6E98554FAC}.Ad-Hoc|iPhone.Build.0 = Ad-Hoc|iPhone
		{5E4C7DD5-189D-43C0-A713-3A6E98554FAC}.Ad-Hoc|iPhoneSimulator.ActiveCfg = Ad-Hoc|iPhoneSimulator
		{5E4C7DD5-189D-43C0-A713-3A6E98554FAC}.Ad-Hoc|iPhoneSimulator.Build.0 = Ad-Hoc|iPhoneSimulator
		{5E4C7DD5-189D-43C0-A713-3A6E98554FAC}.Ad-Hoc|x64.ActiveCfg = Ad-Hoc|iPhone
		{5E4C7DD5-189D-43C0-A713-3A6E98554FAC}.Ad-Hoc|x86.ActiveCfg = Ad-Hoc|iPhone
		{5E4C7DD5-189D-43C0-A713-3A6E98554FAC}.AppStore|Any CPU.ActiveCfg = AppStore|iPhone
		{5E4C7DD5-189D-43C0-A713-3A6E98554FAC}.AppStore|ARM.ActiveCfg = AppStore|iPhone
		{5E4C7DD5-189D-43C0-A713-3A6E98554FAC}.AppStore|iPhone.ActiveCfg = AppStore|iPhone
		{5E4C7DD5-189D-43C0-A713-3A6E98554FAC}.AppStore|iPhone.Build.0 = AppStore|iPhone
		{5E4C7DD5-189D-43C0-A713-3A6E98554FAC}.AppStore|iPhoneSimulator.ActiveCfg = AppStore|iPhoneSimulator
		{5E4C7DD5-189D-43C0-A713-3A6E98554FAC}.AppStore|iPhoneSimulator.Build.0 = AppStore|iPhoneSimulator
		{5E4C7DD5-189D-43C0-A713-3A6E98554FAC}.AppStore|x64.ActiveCfg = AppStore|iPhone
		{5E4C7DD5-189D-43C0-A713-3A6E98554FAC}.AppStore|x86.ActiveCfg = AppStore|iPhone
		{5E4C7DD5-189D-43C0-A713-3A6E98554FAC}.Debug|Any CPU.ActiveCfg = Debug|iPhone
		{5E4C7DD5-189D-43C0-A713-3A6E98554FAC}.Debug|ARM.ActiveCfg = Debug|iPhone
		{5E4C7DD5-189D-43C0-A713-3A6E98554FAC}.Debug|iPhone.ActiveCfg = Debug|iPhone
		{5E4C7DD5-189D-43C0-A713-3A6E98554FAC}.Debug|iPhone.Build.0 = Debug|iPhone
		{5E4C7DD5-189D-43C0-A713-3A6E98554FAC}.Debug|iPhoneSimulator.ActiveCfg = Debug|iPhoneSimulator
		{5E4C7DD5-189D-43C0-A713-3A6E98554FAC}.Debug|iPhoneSimulator.Build.0 = Debug|iPhoneSimulator
		{5E4C7DD5-189D-43C0-A713-3A6E98554FAC}.Debug|x64.ActiveCfg = Debug|iPhone
		{5E4C7DD5-189D-43C0-A713-3A6E98554FAC}.Debug|x86.ActiveCfg = Debug|iPhone
		{5E4C7DD5-189D-43C0-A713-3A6E98554FAC}.Release|Any CPU.ActiveCfg = Release|iPhone
		{5E4C7DD5-189D-43C0-A713-3A6E98554FAC}.Release|ARM.ActiveCfg = Release|iPhone
		{5E4C7DD5-189D-43C0-A713-3A6E98554FAC}.Release|iPhone.ActiveCfg = Release|iPhone
		{5E4C7DD5-189D-43C0-A713-3A6E98554FAC}.Release|iPhone.Build.0 = Release|iPhone
		{5E4C7DD5-189D-43C0-A713-3A6E98554FAC}.Release|iPhoneSimulator.ActiveCfg = Release|iPhoneSimulator
		{5E4C7DD5-189D-43C0-A713-3A6E98554FAC}.Release|iPhoneSimulator.Build.0 = Release|iPhoneSimulator
		{5E4C7DD5-189D-43C0-A713-3A6E98554FAC}.Release|x64.ActiveCfg = Release|iPhone
		{5E4C7DD5-189D-43C0-A713-3A6E98554FAC}.Release|x86.ActiveCfg = Release|iPhone
		{CE97FE66-94BC-4D5A-AF0E-C26A7C515F63}.Ad-Hoc|Any CPU.ActiveCfg = Release|x86
		{CE97FE66-94BC-4D5A-AF0E-C26A7C515F63}.Ad-Hoc|Any CPU.Build.0 = Release|x86
		{CE97FE66-94BC-4D5A-AF0E-C26A7C515F63}.Ad-Hoc|Any CPU.Deploy.0 = Release|x86
		{CE97FE66-94BC-4D5A-AF0E-C26A7C515F63}.Ad-Hoc|ARM.ActiveCfg = Release|ARM
		{CE97FE66-94BC-4D5A-AF0E-C26A7C515F63}.Ad-Hoc|ARM.Build.0 = Release|ARM
		{CE97FE66-94BC-4D5A-AF0E-C26A7C515F63}.Ad-Hoc|ARM.Deploy.0 = Release|ARM
		{CE97FE66-94BC-4D5A-AF0E-C26A7C515F63}.Ad-Hoc|iPhone.ActiveCfg = Release|x86
		{CE97FE66-94BC-4D5A-AF0E-C26A7C515F63}.Ad-Hoc|iPhone.Build.0 = Release|x86
		{CE97FE66-94BC-4D5A-AF0E-C26A7C515F63}.Ad-Hoc|iPhone.Deploy.0 = Release|x86
		{CE97FE66-94BC-4D5A-AF0E-C26A7C515F63}.Ad-Hoc|iPhoneSimulator.ActiveCfg = Release|x86
		{CE97FE66-94BC-4D5A-AF0E-C26A7C515F63}.Ad-Hoc|iPhoneSimulator.Build.0 = Release|x86
		{CE97FE66-94BC-4D5A-AF0E-C26A7C515F63}.Ad-Hoc|iPhoneSimulator.Deploy.0 = Release|x86
		{CE97FE66-94BC-4D5A-AF0E-C26A7C515F63}.Ad-Hoc|x64.ActiveCfg = Release|x64
		{CE97FE66-94BC-4D5A-AF0E-C26A7C515F63}.Ad-Hoc|x64.Build.0 = Release|x64
		{CE97FE66-94BC-4D5A-AF0E-C26A7C515F63}.Ad-Hoc|x64.Deploy.0 = Release|x64
		{CE97FE66-94BC-4D5A-AF0E-C26A7C515F63}.Ad-Hoc|x86.ActiveCfg = Release|x86
		{CE97FE66-94BC-4D5A-AF0E-C26A7C515F63}.Ad-Hoc|x86.Build.0 = Release|x86
		{CE97FE66-94BC-4D5A-AF0E-C26A7C515F63}.Ad-Hoc|x86.Deploy.0 = Release|x86
		{CE97FE66-94BC-4D5A-AF0E-C26A7C515F63}.AppStore|Any CPU.ActiveCfg = Release|x86
		{CE97FE66-94BC-4D5A-AF0E-C26A7C515F63}.AppStore|Any CPU.Build.0 = Release|x86
		{CE97FE66-94BC-4D5A-AF0E-C26A7C515F63}.AppStore|Any CPU.Deploy.0 = Release|x86
		{CE97FE66-94BC-4D5A-AF0E-C26A7C515F63}.AppStore|ARM.ActiveCfg = Release|ARM
		{CE97FE66-94BC-4D5A-AF0E-C26A7C515F63}.AppStore|ARM.Build.0 = Release|ARM
		{CE97FE66-94BC-4D5A-AF0E-C26A7C515F63}.AppStore|ARM.Deploy.0 = Release|ARM
		{CE97FE66-94BC-4D5A-AF0E-C26A7C515F63}.AppStore|iPhone.ActiveCfg = Release|x86
		{CE97FE66-94BC-4D5A-AF0E-C26A7C515F63}.AppStore|iPhone.Build.0 = Release|x86
		{CE97FE66-94BC-4D5A-AF0E-C26A7C515F63}.AppStore|iPhone.Deploy.0 = Release|x86
		{CE97FE66-94BC-4D5A-AF0E-C26A7C515F63}.AppStore|iPhoneSimulator.ActiveCfg = Release|x86
		{CE97FE66-94BC-4D5A-AF0E-C26A7C515F63}.AppStore|iPhoneSimulator.Build.0 = Release|x86
		{CE97FE66-94BC-4D5A-AF0E-C26A7C515F63}.AppStore|iPhoneSimulator.Deploy.0 = Release|x86
		{CE97FE66-94BC-4D5A-AF0E-C26A7C515F63}.AppStore|x64.ActiveCfg = Release|x64
		{CE97FE66-94BC-4D5A-AF0E-C26A7C515F63}.AppStore|x64.Build.0 = Release|x64
		{CE97FE66-94BC-4D5A-AF0E-C26A7C515F63}.AppStore|x64.Deploy.0 = Release|x64
		{CE97FE66-94BC-4D5A-AF0E-C26A7C515F63}.AppStore|x86.ActiveCfg = Release|x86
		{CE97FE66-94BC-4D5A-AF0E-C26A7C515F63}.AppStore|x86.Build.0 = Release|x86
		{CE97FE66-94BC-4D5A-AF0E-C26A7C515F63}.AppStore|x86.Deploy.0 = Release|x86
		{CE97FE66-94BC-4D5A-AF0E-C26A7C515F63}.Debug|Any CPU.ActiveCfg = Debug|x86
		{CE97FE66-94BC-4D5A-AF0E-C26A7C515F63}.Debug|ARM.ActiveCfg = Debug|ARM
		{CE97FE66-94BC-4D5A-AF0E-C26A7C515F63}.Debug|ARM.Build.0 = Debug|ARM
		{CE97FE66-94BC-4D5A-AF0E-C26A7C515F63}.Debug|ARM.Deploy.0 = Debug|ARM
		{CE97FE66-94BC-4D5A-AF0E-C26A7C515F63}.Debug|iPhone.ActiveCfg = Debug|x86
		{CE97FE66-94BC-4D5A-AF0E-C26A7C515F63}.Debug|iPhoneSimulator.ActiveCfg = Debug|x86
		{CE97FE66-94BC-4D5A-AF0E-C26A7C515F63}.Debug|x64.ActiveCfg = Debug|x64
		{CE97FE66-94BC-4D5A-AF0E-C26A7C515F63}.Debug|x64.Build.0 = Debug|x64
		{CE97FE66-94BC-4D5A-AF0E-C26A7C515F63}.Debug|x64.Deploy.0 = Debug|x64
		{CE97FE66-94BC-4D5A-AF0E-C26A7C515F63}.Debug|x86.ActiveCfg = Debug|x86
		{CE97FE66-94BC-4D5A-AF0E-C26A7C515F63}.Debug|x86.Build.0 = Debug|x86
		{CE97FE66-94BC-4D5A-AF0E-C26A7C515F63}.Debug|x86.Deploy.0 = Debug|x86
		{CE97FE66-94BC-4D5A-AF0E-C26A7C515F63}.Release|Any CPU.ActiveCfg = Release|x86
		{CE97FE66-94BC-4D5A-AF0E-C26A7C515F63}.Release|ARM.ActiveCfg = Release|ARM
		{CE97FE66-94BC-4D5A-AF0E-C26A7C515F63}.Release|ARM.Build.0 = Release|ARM
		{CE97FE66-94BC-4D5A-AF0E-C26A7C515F63}.Release|ARM.Deploy.0 = Release|ARM
		{CE97FE66-94BC-4D5A-AF0E-C26A7C515F63}.Release|iPhone.ActiveCfg = Release|x86
		{CE97FE66-94BC-4D5A-AF0E-C26A7C515F63}.Release|iPhoneSimulator.ActiveCfg = Release|x86
		{CE97FE66-94BC-4D5A-AF0E-C26A7C515F63}.Release|x64.ActiveCfg = Release|x64
		{CE97FE66-94BC-4D5A-AF0E-C26A7C515F63}.Release|x64.Build.0 = Release|x64
		{CE97FE66-94BC-4D5A-AF0E-C26A7C515F63}.Release|x64.Deploy.0 = Release|x64
		{CE97FE66-94BC-4D5A-AF0E-C26A7C515F63}.Release|x86.ActiveCfg = Release|x86
		{CE97FE66-94BC-4D5A-AF0E-C26A7C515F63}.Release|x86.Build.0 = Release|x86
		{CE97FE66-94BC-4D5A-AF0E-C26A7C515F63}.Release|x86.Deploy.0 = Release|x86
		{65C94337-13CE-42B7-A5C8-05ECB38E6C42}.Ad-Hoc|Any CPU.ActiveCfg = Release|Any CPU
		{65C94337-13CE-42B7-A5C8-05ECB38E6C42}.Ad-Hoc|Any CPU.Build.0 = Release|Any CPU
		{65C94337-13CE-42B7-A5C8-05ECB38E6C42}.Ad-Hoc|ARM.ActiveCfg = Release|Any CPU
		{65C94337-13CE-42B7-A5C8-05ECB38E6C42}.Ad-Hoc|ARM.Build.0 = Release|Any CPU
		{65C94337-13CE-42B7-A5C8-05ECB38E6C42}.Ad-Hoc|iPhone.ActiveCfg = Release|Any CPU
		{65C94337-13CE-42B7-A5C8-05ECB38E6C42}.Ad-Hoc|iPhone.Build.0 = Release|Any CPU
		{65C94337-13CE-42B7-A5C8-05ECB38E6C42}.Ad-Hoc|iPhoneSimulator.ActiveCfg = Release|Any CPU
		{65C94337-13CE-42B7-A5C8-05ECB38E6C42}.Ad-Hoc|iPhoneSimulator.Build.0 = Release|Any CPU
		{65C94337-13CE-42B7-A5C8-05ECB38E6C42}.Ad-Hoc|x64.ActiveCfg = Release|Any CPU
		{65C94337-13CE-42B7-A5C8-05ECB38E6C42}.Ad-Hoc|x64.Build.0 = Release|Any CPU
		{65C94337-13CE-42B7-A5C8-05ECB38E6C42}.Ad-Hoc|x86.ActiveCfg = Release|Any CPU
		{65C94337-13CE-42B7-A5C8-05ECB38E6C42}.Ad-Hoc|x86.Build.0 = Release|Any CPU
		{65C94337-13CE-42B7-A5C8-05ECB38E6C42}.AppStore|Any CPU.ActiveCfg = Release|Any CPU
		{65C94337-13CE-42B7-A5C8-05ECB38E6C42}.AppStore|Any CPU.Build.0 = Release|Any CPU
		{65C94337-13CE-42B7-A5C8-05ECB38E6C42}.AppStore|ARM.ActiveCfg = Release|Any CPU
		{65C94337-13CE-42B7-A5C8-05ECB38E6C42}.AppStore|ARM.Build.0 = Release|Any CPU
		{65C94337-13CE-42B7-A5C8-05ECB38E6C42}.AppStore|iPhone.ActiveCfg = Release|Any CPU
		{65C94337-13CE-42B7-A5C8-05ECB38E6C42}.AppStore|iPhone.Build.0 = Release|Any CPU
		{65C94337-13CE-42B7-A5C8-05ECB38E6C42}.AppStore|iPhoneSimulator.ActiveCfg = Release|Any CPU
		{65C94337-13CE-42B7-A5C8-05ECB38E6C42}.AppStore|iPhoneSimulator.Build.0 = Release|Any CPU
		{65C94337-13CE-42B7-A5C8-05ECB38E6C42}.AppStore|x64.ActiveCfg = Release|Any CPU
		{65C94337-13CE-42B7-A5C8-05ECB38E6C42}.AppStore|x64.Build.0 = Release|Any CPU
		{65C94337-13CE-42B7-A5C8-05ECB38E6C42}.AppStore|x86.ActiveCfg = Release|Any CPU
		{65C94337-13CE-42B7-A5C8-05ECB38E6C42}.AppStore|x86.Build.0 = Release|Any CPU
		{65C94337-13CE-42B7-A5C8-05ECB38E6C42}.Debug|Any CPU.ActiveCfg = Debug|Any CPU
		{65C94337-13CE-42B7-A5C8-05ECB38E6C42}.Debug|Any CPU.Build.0 = Debug|Any CPU
		{65C94337-13CE-42B7-A5C8-05ECB38E6C42}.Debug|ARM.ActiveCfg = Debug|Any CPU
		{65C94337-13CE-42B7-A5C8-05ECB38E6C42}.Debug|ARM.Build.0 = Debug|Any CPU
		{65C94337-13CE-42B7-A5C8-05ECB38E6C42}.Debug|iPhone.ActiveCfg = Debug|Any CPU
		{65C94337-13CE-42B7-A5C8-05ECB38E6C42}.Debug|iPhone.Build.0 = Debug|Any CPU
		{65C94337-13CE-42B7-A5C8-05ECB38E6C42}.Debug|iPhoneSimulator.ActiveCfg = Debug|Any CPU
		{65C94337-13CE-42B7-A5C8-05ECB38E6C42}.Debug|iPhoneSimulator.Build.0 = Debug|Any CPU
		{65C94337-13CE-42B7-A5C8-05ECB38E6C42}.Debug|x64.ActiveCfg = Debug|Any CPU
		{65C94337-13CE-42B7-A5C8-05ECB38E6C42}.Debug|x64.Build.0 = Debug|Any CPU
		{65C94337-13CE-42B7-A5C8-05ECB38E6C42}.Debug|x86.ActiveCfg = Debug|Any CPU
		{65C94337-13CE-42B7-A5C8-05ECB38E6C42}.Debug|x86.Build.0 = Debug|Any CPU
		{65C94337-13CE-42B7-A5C8-05ECB38E6C42}.Release|Any CPU.ActiveCfg = Release|Any CPU
		{65C94337-13CE-42B7-A5C8-05ECB38E6C42}.Release|Any CPU.Build.0 = Release|Any CPU
		{65C94337-13CE-42B7-A5C8-05ECB38E6C42}.Release|ARM.ActiveCfg = Release|Any CPU
		{65C94337-13CE-42B7-A5C8-05ECB38E6C42}.Release|ARM.Build.0 = Release|Any CPU
		{65C94337-13CE-42B7-A5C8-05ECB38E6C42}.Release|iPhone.ActiveCfg = Release|Any CPU
		{65C94337-13CE-42B7-A5C8-05ECB38E6C42}.Release|iPhone.Build.0 = Release|Any CPU
		{65C94337-13CE-42B7-A5C8-05ECB38E6C42}.Release|iPhoneSimulator.ActiveCfg = Release|Any CPU
		{65C94337-13CE-42B7-A5C8-05ECB38E6C42}.Release|iPhoneSimulator.Build.0 = Release|Any CPU
		{65C94337-13CE-42B7-A5C8-05ECB38E6C42}.Release|x64.ActiveCfg = Release|Any CPU
		{65C94337-13CE-42B7-A5C8-05ECB38E6C42}.Release|x64.Build.0 = Release|Any CPU
		{65C94337-13CE-42B7-A5C8-05ECB38E6C42}.Release|x86.ActiveCfg = Release|Any CPU
		{65C94337-13CE-42B7-A5C8-05ECB38E6C42}.Release|x86.Build.0 = Release|Any CPU
		{F2D80B2E-74E4-4BD0-BC2E-84D7820F8D62}.Ad-Hoc|Any CPU.ActiveCfg = Release|Any CPU
		{F2D80B2E-74E4-4BD0-BC2E-84D7820F8D62}.Ad-Hoc|Any CPU.Build.0 = Release|Any CPU
		{F2D80B2E-74E4-4BD0-BC2E-84D7820F8D62}.Ad-Hoc|ARM.ActiveCfg = Release|Any CPU
		{F2D80B2E-74E4-4BD0-BC2E-84D7820F8D62}.Ad-Hoc|ARM.Build.0 = Release|Any CPU
		{F2D80B2E-74E4-4BD0-BC2E-84D7820F8D62}.Ad-Hoc|iPhone.ActiveCfg = Release|Any CPU
		{F2D80B2E-74E4-4BD0-BC2E-84D7820F8D62}.Ad-Hoc|iPhone.Build.0 = Release|Any CPU
		{F2D80B2E-74E4-4BD0-BC2E-84D7820F8D62}.Ad-Hoc|iPhoneSimulator.ActiveCfg = Release|Any CPU
		{F2D80B2E-74E4-4BD0-BC2E-84D7820F8D62}.Ad-Hoc|iPhoneSimulator.Build.0 = Release|Any CPU
		{F2D80B2E-74E4-4BD0-BC2E-84D7820F8D62}.Ad-Hoc|x64.ActiveCfg = Release|Any CPU
		{F2D80B2E-74E4-4BD0-BC2E-84D7820F8D62}.Ad-Hoc|x64.Build.0 = Release|Any CPU
		{F2D80B2E-74E4-4BD0-BC2E-84D7820F8D62}.Ad-Hoc|x86.ActiveCfg = Release|Any CPU
		{F2D80B2E-74E4-4BD0-BC2E-84D7820F8D62}.Ad-Hoc|x86.Build.0 = Release|Any CPU
		{F2D80B2E-74E4-4BD0-BC2E-84D7820F8D62}.AppStore|Any CPU.ActiveCfg = Release|Any CPU
		{F2D80B2E-74E4-4BD0-BC2E-84D7820F8D62}.AppStore|Any CPU.Build.0 = Release|Any CPU
		{F2D80B2E-74E4-4BD0-BC2E-84D7820F8D62}.AppStore|ARM.ActiveCfg = Release|Any CPU
		{F2D80B2E-74E4-4BD0-BC2E-84D7820F8D62}.AppStore|ARM.Build.0 = Release|Any CPU
		{F2D80B2E-74E4-4BD0-BC2E-84D7820F8D62}.AppStore|iPhone.ActiveCfg = Release|Any CPU
		{F2D80B2E-74E4-4BD0-BC2E-84D7820F8D62}.AppStore|iPhone.Build.0 = Release|Any CPU
		{F2D80B2E-74E4-4BD0-BC2E-84D7820F8D62}.AppStore|iPhoneSimulator.ActiveCfg = Release|Any CPU
		{F2D80B2E-74E4-4BD0-BC2E-84D7820F8D62}.AppStore|iPhoneSimulator.Build.0 = Release|Any CPU
		{F2D80B2E-74E4-4BD0-BC2E-84D7820F8D62}.AppStore|x64.ActiveCfg = Release|Any CPU
		{F2D80B2E-74E4-4BD0-BC2E-84D7820F8D62}.AppStore|x64.Build.0 = Release|Any CPU
		{F2D80B2E-74E4-4BD0-BC2E-84D7820F8D62}.AppStore|x86.ActiveCfg = Release|Any CPU
		{F2D80B2E-74E4-4BD0-BC2E-84D7820F8D62}.AppStore|x86.Build.0 = Release|Any CPU
		{F2D80B2E-74E4-4BD0-BC2E-84D7820F8D62}.Debug|Any CPU.ActiveCfg = Debug|Any CPU
		{F2D80B2E-74E4-4BD0-BC2E-84D7820F8D62}.Debug|Any CPU.Build.0 = Debug|Any CPU
		{F2D80B2E-74E4-4BD0-BC2E-84D7820F8D62}.Debug|ARM.ActiveCfg = Debug|Any CPU
		{F2D80B2E-74E4-4BD0-BC2E-84D7820F8D62}.Debug|ARM.Build.0 = Debug|Any CPU
		{F2D80B2E-74E4-4BD0-BC2E-84D7820F8D62}.Debug|iPhone.ActiveCfg = Debug|Any CPU
		{F2D80B2E-74E4-4BD0-BC2E-84D7820F8D62}.Debug|iPhone.Build.0 = Debug|Any CPU
		{F2D80B2E-74E4-4BD0-BC2E-84D7820F8D62}.Debug|iPhoneSimulator.ActiveCfg = Debug|Any CPU
		{F2D80B2E-74E4-4BD0-BC2E-84D7820F8D62}.Debug|iPhoneSimulator.Build.0 = Debug|Any CPU
		{F2D80B2E-74E4-4BD0-BC2E-84D7820F8D62}.Debug|x64.ActiveCfg = Debug|Any CPU
		{F2D80B2E-74E4-4BD0-BC2E-84D7820F8D62}.Debug|x64.Build.0 = Debug|Any CPU
		{F2D80B2E-74E4-4BD0-BC2E-84D7820F8D62}.Debug|x86.ActiveCfg = Debug|Any CPU
		{F2D80B2E-74E4-4BD0-BC2E-84D7820F8D62}.Debug|x86.Build.0 = Debug|Any CPU
		{F2D80B2E-74E4-4BD0-BC2E-84D7820F8D62}.Release|Any CPU.ActiveCfg = Release|Any CPU
		{F2D80B2E-74E4-4BD0-BC2E-84D7820F8D62}.Release|Any CPU.Build.0 = Release|Any CPU
		{F2D80B2E-74E4-4BD0-BC2E-84D7820F8D62}.Release|ARM.ActiveCfg = Release|Any CPU
		{F2D80B2E-74E4-4BD0-BC2E-84D7820F8D62}.Release|ARM.Build.0 = Release|Any CPU
		{F2D80B2E-74E4-4BD0-BC2E-84D7820F8D62}.Release|iPhone.ActiveCfg = Release|Any CPU
		{F2D80B2E-74E4-4BD0-BC2E-84D7820F8D62}.Release|iPhone.Build.0 = Release|Any CPU
		{F2D80B2E-74E4-4BD0-BC2E-84D7820F8D62}.Release|iPhoneSimulator.ActiveCfg = Release|Any CPU
		{F2D80B2E-74E4-4BD0-BC2E-84D7820F8D62}.Release|iPhoneSimulator.Build.0 = Release|Any CPU
		{F2D80B2E-74E4-4BD0-BC2E-84D7820F8D62}.Release|x64.ActiveCfg = Release|Any CPU
		{F2D80B2E-74E4-4BD0-BC2E-84D7820F8D62}.Release|x64.Build.0 = Release|Any CPU
		{F2D80B2E-74E4-4BD0-BC2E-84D7820F8D62}.Release|x86.ActiveCfg = Release|Any CPU
		{F2D80B2E-74E4-4BD0-BC2E-84D7820F8D62}.Release|x86.Build.0 = Release|Any CPU
	EndGlobalSection
	GlobalSection(SolutionProperties) = preSolution
		HideSolutionNode = FALSE
	EndGlobalSection
EndGlobal
